# This file is automatically @generated by Cargo.
# It is not intended for manual editing.
version = 3

[[package]]
name = "Inflector"
version = "0.11.4"
source = "registry+https://github.com/rust-lang/crates.io-index"
checksum = "fe438c63458706e03479442743baae6c88256498e6431708f6dfc520a26515d3"
dependencies = [
 "lazy_static",
 "regex",
]

[[package]]
name = "aho-corasick"
version = "0.7.20"
source = "registry+https://github.com/rust-lang/crates.io-index"
checksum = "cc936419f96fa211c1b9166887b38e5e40b19958e5b895be7c1f93adec7071ac"
dependencies = [
 "memchr",
]

[[package]]
name = "deno_bindgen"
version = "0.7.0"
source = "registry+https://github.com/rust-lang/crates.io-index"
checksum = "a126ac811d92f54043e2b8191fe4790450b67f3aae40cd72d0004686d6b1f805"
dependencies = [
 "deno_bindgen_macro",
 "serde",
 "serde_json",
]

[[package]]
name = "deno_bindgen_macro"
version = "0.7.0"
source = "registry+https://github.com/rust-lang/crates.io-index"
checksum = "2686d50c9b1d51d26f8ec1714a5257193afae61cffc7cdf9132b9c5f7af48a31"
dependencies = [
 "Inflector",
 "proc-macro2",
 "quote",
 "serde",
 "serde_json",
 "syn",
]

[[package]]
name = "flowscripter_template_deno_rust_library"
version = "1.0.15"
dependencies = [
 "deno_bindgen",
 "flowscripter_template_rust_library",
 "serde",
]

[[package]]
name = "flowscripter_template_rust_library"
version = "1.1.7"
source = "registry+https://github.com/rust-lang/crates.io-index"
checksum = "3e5a34d127add564b82251ea68ff485ab34cea96e52b7c03ffd7f53660cd27ff"

[[package]]
name = "itoa"
version = "1.0.5"
source = "registry+https://github.com/rust-lang/crates.io-index"
checksum = "fad582f4b9e86b6caa621cabeb0963332d92eea04729ab12892c2533951e6440"

[[package]]
name = "lazy_static"
version = "1.4.0"
source = "registry+https://github.com/rust-lang/crates.io-index"
checksum = "e2abad23fbc42b3700f2f279844dc832adb2b2eb069b2df918f455c4e18cc646"

[[package]]
name = "memchr"
version = "2.5.0"
source = "registry+https://github.com/rust-lang/crates.io-index"
checksum = "2dffe52ecf27772e601905b7522cb4ef790d2cc203488bbd0e2fe85fcb74566d"

[[package]]
name = "proc-macro2"
version = "1.0.48"
source = "registry+https://github.com/rust-lang/crates.io-index"
checksum = "e9d89e5dba24725ae5678020bf8f1357a9aa7ff10736b551adbcd3f8d17d766f"
dependencies = [
 "unicode-ident",
]

[[package]]
name = "quote"
version = "1.0.22"
source = "registry+https://github.com/rust-lang/crates.io-index"
checksum = "556d0f47a940e895261e77dc200d5eadfc6ef644c179c6f5edfc105e3a2292c8"
dependencies = [
 "proc-macro2",
]

[[package]]
name = "regex"
version = "1.7.0"
source = "registry+https://github.com/rust-lang/crates.io-index"
checksum = "e076559ef8e241f2ae3479e36f97bd5741c0330689e217ad51ce2c76808b868a"
dependencies = [
 "aho-corasick",
 "memchr",
 "regex-syntax",
]

[[package]]
name = "regex-syntax"
version = "0.6.28"
source = "registry+https://github.com/rust-lang/crates.io-index"
checksum = "456c603be3e8d448b072f410900c09faf164fbce2d480456f50eea6e25f9c848"

[[package]]
name = "ryu"
version = "1.0.12"
source = "registry+https://github.com/rust-lang/crates.io-index"
checksum = "7b4b9743ed687d4b4bcedf9ff5eaa7398495ae14e61cba0a295704edbc7decde"

[[package]]
name = "serde"
version = "1.0.151"
source = "registry+https://github.com/rust-lang/crates.io-index"
checksum = "97fed41fc1a24994d044e6db6935e69511a1153b52c15eb42493b26fa87feba0"
dependencies = [
 "serde_derive",
]

[[package]]
name = "serde_derive"
version = "1.0.151"
source = "registry+https://github.com/rust-lang/crates.io-index"
checksum = "255abe9a125a985c05190d687b320c12f9b1f0b99445e608c21ba0782c719ad8"
dependencies = [
 "proc-macro2",
 "quote",
 "syn",
]

[[package]]
name = "serde_json"
version = "1.0.90"
source = "registry+https://github.com/rust-lang/crates.io-index"
checksum = "8778cc0b528968fe72abec38b5db5a20a70d148116cd9325d2bc5f5180ca3faf"
dependencies = [
 "itoa",
 "ryu",
 "serde",
]

[[package]]
name = "syn"
version = "1.0.106"
source = "registry+https://github.com/rust-lang/crates.io-index"
checksum = "09ee3a69cd2c7e06684677e5629b3878b253af05e4714964204279c6bc02cf0b"
dependencies = [
 "proc-macro2",
 "quote",
 "unicode-ident",
]

[[package]]
name = "unicode-ident"
version = "1.0.6"
source = "registry+https://github.com/rust-lang/crates.io-index"
checksum = "84a22b9f218b40614adcb3f4ff08b703773ad44fa9423e4e0d346d5db86e4ebc"
